
Microsoft Visual Studio Solution File, Format Version 12.00
# Visual Studio Version 16
VisualStudioVersion = 16.0.30907.101
MinimumVisualStudioVersion = 10.0.40219.1
Project("{FAE04EC0-301F-11D3-BF4B-00C04F79EFBC}") = "firstdraft-desktop-ui", "firstdraft-desktop-ui\firstdraft-desktop-ui.csproj", "{46D72BA5-5662-4F78-A0F8-38CBF8D73D56}"
EndProject
Global
	GlobalSection(SolutionConfigurationPlatforms) = preSolution
		Debug|Any CPU = Debug|Any CPU
		Release|Any CPU = Release|Any CPU
	EndGlobalSection
	GlobalSection(ProjectConfigurationPlatforms) = postSolution
		{46D72BA5-5662-4F78-A0F8-38CBF8D73D56}.Debug|Any CPU.ActiveCfg = Debug|Any CPU
		{46D72BA5-5662-4F78-A0F8-38CBF8D73D56}.Debug|Any CPU.Build.0 = Debug|Any CPU
		{46D72BA5-5662-4F78-A0F8-38CBF8D73D56}.Release|Any CPU.ActiveCfg = Release|Any CPU
		{46D72BA5-5662-4F78-A0F8-38CBF8D73D56}.Release|Any CPU.Build.0 = Release|Any CPU
	EndGlobalSection
	GlobalSection(SolutionProperties) = preSolution
		HideSolutionNode = FALSE
	EndGlobalSection
	GlobalSection(ExtensibilityGlobals) = postSolution
		SolutionGuid = {74694094-A2F1-4AAB-8FE1-99101687E65F}
	EndGlobalSection
EndGlobal
